// !$*UTF8*$!
{
	archiveVersion = 1;
	classes = {
	};
	objectVersion = 50;
	objects = {

/* Begin PBXBuildFile section */
		1C539EA3947BF695CCB961DE /* Pods_ImageSyncSample.framework in Frameworks */ = {isa = PBXBuildFile; fileRef = 3D0E88146DBE83264F8F41D8 /* Pods_ImageSyncSample.framework */; };
		D971750621D71CEE003BA15D /* AppDelegate.swift in Sources */ = {isa = PBXBuildFile; fileRef = D971750521D71CEE003BA15D /* AppDelegate.swift */; };
		D971750821D71CEE003BA15D /* ViewController.swift in Sources */ = {isa = PBXBuildFile; fileRef = D971750721D71CEE003BA15D /* ViewController.swift */; };
		D971750D21D71CF0003BA15D /* Assets.xcassets in Resources */ = {isa = PBXBuildFile; fileRef = D971750C21D71CF0003BA15D /* Assets.xcassets */; };
		D971751021D71CF0003BA15D /* LaunchScreen.storyboard in Resources */ = {isa = PBXBuildFile; fileRef = D971750E21D71CF0003BA15D /* LaunchScreen.storyboard */; };
		D971751821D7244D003BA15D /* AppLog.swift in Sources */ = {isa = PBXBuildFile; fileRef = D971751721D7244D003BA15D /* AppLog.swift */; };
		D971751A21D8B057003BA15D /* FileSyncer.swift in Sources */ = {isa = PBXBuildFile; fileRef = D971751921D8B057003BA15D /* FileSyncer.swift */; };
		D971751C21D8C14A003BA15D /* TableCell.swift in Sources */ = {isa = PBXBuildFile; fileRef = D971751B21D8C14A003BA15D /* TableCell.swift */; };
		D971751E21D8E705003BA15D /* DispatchQueueExtension.swift in Sources */ = {isa = PBXBuildFile; fileRef = D971751D21D8E705003BA15D /* DispatchQueueExtension.swift */; };
		D971752221D99377003BA15D /* SyncTask.swift in Sources */ = {isa = PBXBuildFile; fileRef = D971752121D99377003BA15D /* SyncTask.swift */; };
		D971752421D9970E003BA15D /* AppDatabase.swift in Sources */ = {isa = PBXBuildFile; fileRef = D971752321D9970E003BA15D /* AppDatabase.swift */; };
		D971752621D99AC1003BA15D /* UploadTask.swift in Sources */ = {isa = PBXBuildFile; fileRef = D971752521D99AC1003BA15D /* UploadTask.swift */; };
		D971752821DA2D4E003BA15D /* SuperFileUploader.swift in Sources */ = {isa = PBXBuildFile; fileRef = D971752721DA2D4E003BA15D /* SuperFileUploader.swift */; };
		D971752A21DA2D6F003BA15D /* FileUploader.swift in Sources */ = {isa = PBXBuildFile; fileRef = D971752921DA2D6F003BA15D /* FileUploader.swift */; };
		D971752C21DB2BD6003BA15D /* TaskChunk.swift in Sources */ = {isa = PBXBuildFile; fileRef = D971752B21DB2BD6003BA15D /* TaskChunk.swift */; };
		D971752E21DB7F9E003BA15D /* SyncManager.swift in Sources */ = {isa = PBXBuildFile; fileRef = D971752D21DB7F9E003BA15D /* SyncManager.swift */; };
/* End PBXBuildFile section */

/* Begin PBXFileReference section */
		3D0E88146DBE83264F8F41D8 /* Pods_ImageSyncSample.framework */ = {isa = PBXFileReference; explicitFileType = wrapper.framework; includeInIndex = 0; path = Pods_ImageSyncSample.framework; sourceTree = BUILT_PRODUCTS_DIR; };
		B1892047BBE8BCF86B641835 /* Pods-ImageSyncSample.debug.xcconfig */ = {isa = PBXFileReference; includeInIndex = 1; lastKnownFileType = text.xcconfig; name = "Pods-ImageSyncSample.debug.xcconfig"; path = "Pods/Target Support Files/Pods-ImageSyncSample/Pods-ImageSyncSample.debug.xcconfig"; sourceTree = "<group>"; };
		D28F5E2E7233852D50C26B51 /* Pods-ImageSyncSample.release.xcconfig */ = {isa = PBXFileReference; includeInIndex = 1; lastKnownFileType = text.xcconfig; name = "Pods-ImageSyncSample.release.xcconfig"; path = "Pods/Target Support Files/Pods-ImageSyncSample/Pods-ImageSyncSample.release.xcconfig"; sourceTree = "<group>"; };
		D971750221D71CEE003BA15D /* ImageSyncSample.app */ = {isa = PBXFileReference; explicitFileType = wrapper.application; includeInIndex = 0; path = ImageSyncSample.app; sourceTree = BUILT_PRODUCTS_DIR; };
		D971750521D71CEE003BA15D /* AppDelegate.swift */ = {isa = PBXFileReference; lastKnownFileType = sourcecode.swift; path = AppDelegate.swift; sourceTree = "<group>"; };
		D971750721D71CEE003BA15D /* ViewController.swift */ = {isa = PBXFileReference; lastKnownFileType = sourcecode.swift; path = ViewController.swift; sourceTree = "<group>"; };
		D971750C21D71CF0003BA15D /* Assets.xcassets */ = {isa = PBXFileReference; lastKnownFileType = folder.assetcatalog; path = Assets.xcassets; sourceTree = "<group>"; };
		D971750F21D71CF0003BA15D /* Base */ = {isa = PBXFileReference; lastKnownFileType = file.storyboard; name = Base; path = Base.lproj/LaunchScreen.storyboard; sourceTree = "<group>"; };
		D971751121D71CF0003BA15D /* Info.plist */ = {isa = PBXFileReference; lastKnownFileType = text.plist.xml; path = Info.plist; sourceTree = "<group>"; };
		D971751721D7244D003BA15D /* AppLog.swift */ = {isa = PBXFileReference; fileEncoding = 4; lastKnownFileType = sourcecode.swift; path = AppLog.swift; sourceTree = "<group>"; };
		D971751921D8B057003BA15D /* FileSyncer.swift */ = {isa = PBXFileReference; lastKnownFileType = sourcecode.swift; path = FileSyncer.swift; sourceTree = "<group>"; };
		D971751B21D8C14A003BA15D /* TableCell.swift */ = {isa = PBXFileReference; lastKnownFileType = sourcecode.swift; path = TableCell.swift; sourceTree = "<group>"; };
		D971751D21D8E705003BA15D /* DispatchQueueExtension.swift */ = {isa = PBXFileReference; lastKnownFileType = sourcecode.swift; path = DispatchQueueExtension.swift; sourceTree = "<group>"; };
		D971752121D99377003BA15D /* SyncTask.swift */ = {isa = PBXFileReference; fileEncoding = 4; lastKnownFileType = sourcecode.swift; path = SyncTask.swift; sourceTree = "<group>"; };
		D971752321D9970E003BA15D /* AppDatabase.swift */ = {isa = PBXFileReference; fileEncoding = 4; lastKnownFileType = sourcecode.swift; path = AppDatabase.swift; sourceTree = "<group>"; };
		D971752521D99AC1003BA15D /* UploadTask.swift */ = {isa = PBXFileReference; lastKnownFileType = sourcecode.swift; path = UploadTask.swift; sourceTree = "<group>"; };
		D971752721DA2D4E003BA15D /* SuperFileUploader.swift */ = {isa = PBXFileReference; lastKnownFileType = sourcecode.swift; path = SuperFileUploader.swift; sourceTree = "<group>"; };
		D971752921DA2D6F003BA15D /* FileUploader.swift */ = {isa = PBXFileReference; lastKnownFileType = sourcecode.swift; path = FileUploader.swift; sourceTree = "<group>"; };
		D971752B21DB2BD6003BA15D /* TaskChunk.swift */ = {isa = PBXFileReference; lastKnownFileType = sourcecode.swift; path = TaskChunk.swift; sourceTree = "<group>"; };
		D971752D21DB7F9E003BA15D /* SyncManager.swift */ = {isa = PBXFileReference; lastKnownFileType = sourcecode.swift; path = SyncManager.swift; sourceTree = "<group>"; };
/* End PBXFileReference section */

/* Begin PBXFrameworksBuildPhase section */
		D97174FF21D71CEE003BA15D /* Frameworks */ = {
			isa = PBXFrameworksBuildPhase;
			buildActionMask = 2147483647;
			files = (
				1C539EA3947BF695CCB961DE /* Pods_ImageSyncSample.framework in Frameworks */,
			);
			runOnlyForDeploymentPostprocessing = 0;
		};
/* End PBXFrameworksBuildPhase section */

/* Begin PBXGroup section */
		B18995F753F4BDD99153D6EF /* Pods */ = {
			isa = PBXGroup;
			children = (
				B1892047BBE8BCF86B641835 /* Pods-ImageSyncSample.debug.xcconfig */,
				D28F5E2E7233852D50C26B51 /* Pods-ImageSyncSample.release.xcconfig */,
			);
			name = Pods;
			sourceTree = "<group>";
		};
		D97174F921D71CEE003BA15D = {
			isa = PBXGroup;
			children = (
				D971750421D71CEE003BA15D /* ImageSyncSample */,
				D971750321D71CEE003BA15D /* Products */,
				B18995F753F4BDD99153D6EF /* Pods */,
				E5440A7E3871B82FE4476EF3 /* Frameworks */,
			);
			sourceTree = "<group>";
		};
		D971750321D71CEE003BA15D /* Products */ = {
			isa = PBXGroup;
			children = (
				D971750221D71CEE003BA15D /* ImageSyncSample.app */,
			);
			name = Products;
			sourceTree = "<group>";
		};
		D971750421D71CEE003BA15D /* ImageSyncSample */ = {
			isa = PBXGroup;
			children = (
				D971751F21D992F3003BA15D /* filesync */,
				D971750521D71CEE003BA15D /* AppDelegate.swift */,
				D971751721D7244D003BA15D /* AppLog.swift */,
				D971750721D71CEE003BA15D /* ViewController.swift */,
				D971751B21D8C14A003BA15D /* TableCell.swift */,
				D971750C21D71CF0003BA15D /* Assets.xcassets */,
				D971750E21D71CF0003BA15D /* LaunchScreen.storyboard */,
				D971751121D71CF0003BA15D /* Info.plist */,
				D971751D21D8E705003BA15D /* DispatchQueueExtension.swift */,
			);
			path = ImageSyncSample;
			sourceTree = "<group>";
		};
		D971751F21D992F3003BA15D /* filesync */ = {
			isa = PBXGroup;
			children = (
				D971752021D99333003BA15D /* model */,
				D971751921D8B057003BA15D /* FileSyncer.swift */,
				D971752721DA2D4E003BA15D /* SuperFileUploader.swift */,
				D971752921DA2D6F003BA15D /* FileUploader.swift */,
				D971752D21DB7F9E003BA15D /* SyncManager.swift */,
			);
			path = filesync;
			sourceTree = "<group>";
		};
		D971752021D99333003BA15D /* model */ = {
			isa = PBXGroup;
			children = (
				D971752121D99377003BA15D /* SyncTask.swift */,
				D971752B21DB2BD6003BA15D /* TaskChunk.swift */,
				D971752521D99AC1003BA15D /* UploadTask.swift */,
				D971752321D9970E003BA15D /* AppDatabase.swift */,
			);
			path = model;
			sourceTree = "<group>";
		};
		E5440A7E3871B82FE4476EF3 /* Frameworks */ = {
			isa = PBXGroup;
			children = (
				3D0E88146DBE83264F8F41D8 /* Pods_ImageSyncSample.framework */,
			);
			name = Frameworks;
			sourceTree = "<group>";
		};
/* End PBXGroup section */

/* Begin PBXNativeTarget section */
		D971750121D71CEE003BA15D /* ImageSyncSample */ = {
			isa = PBXNativeTarget;
			buildConfigurationList = D971751421D71CF0003BA15D /* Build configuration list for PBXNativeTarget "ImageSyncSample" */;
			buildPhases = (
				E47F21884EE30D7449ED0543 /* [CP] Check Pods Manifest.lock */,
				D97174FE21D71CEE003BA15D /* Sources */,
				D97174FF21D71CEE003BA15D /* Frameworks */,
				D971750021D71CEE003BA15D /* Resources */,
				4FA976323A2570FABC591E91 /* [CP] Embed Pods Frameworks */,
			);
			buildRules = (
			);
			dependencies = (
			);
			name = ImageSyncSample;
			productName = ImageSyncSample;
			productReference = D971750221D71CEE003BA15D /* ImageSyncSample.app */;
			productType = "com.apple.product-type.application";
		};
/* End PBXNativeTarget section */

/* Begin PBXProject section */
		D97174FA21D71CEE003BA15D /* Project object */ = {
			isa = PBXProject;
			attributes = {
				LastSwiftUpdateCheck = 1010;
				LastUpgradeCheck = 1010;
				ORGANIZATIONNAME = dragonetail;
				TargetAttributes = {
					D971750121D71CEE003BA15D = {
						CreatedOnToolsVersion = 10.1;
					};
				};
			};
			buildConfigurationList = D97174FD21D71CEE003BA15D /* Build configuration list for PBXProject "ImageSyncSample" */;
			compatibilityVersion = "Xcode 9.3";
			developmentRegion = en;
			hasScannedForEncodings = 0;
			knownRegions = (
				en,
				Base,
			);
			mainGroup = D97174F921D71CEE003BA15D;
			productRefGroup = D971750321D71CEE003BA15D /* Products */;
			projectDirPath = "";
			projectRoot = "";
			targets = (
				D971750121D71CEE003BA15D /* ImageSyncSample */,
			);
		};
/* End PBXProject section */

/* Begin PBXResourcesBuildPhase section */
		D971750021D71CEE003BA15D /* Resources */ = {
			isa = PBXResourcesBuildPhase;
			buildActionMask = 2147483647;
			files = (
				D971751021D71CF0003BA15D /* LaunchScreen.storyboard in Resources */,
				D971750D21D71CF0003BA15D /* Assets.xcassets in Resources */,
			);
			runOnlyForDeploymentPostprocessing = 0;
		};
/* End PBXResourcesBuildPhase section */

/* Begin PBXShellScriptBuildPhase section */
		4FA976323A2570FABC591E91 /* [CP] Embed Pods Frameworks */ = {
			isa = PBXShellScriptBuildPhase;
			buildActionMask = 2147483647;
			files = (
			);
			inputFileListPaths = (
			);
			inputPaths = (
				"${SRCROOT}/Pods/Target Support Files/Pods-ImageSyncSample/Pods-ImageSyncSample-frameworks.sh",
				"${BUILT_PRODUCTS_DIR}/Alamofire/Alamofire.framework",
				"${BUILT_PRODUCTS_DIR}/DataCompression/DataCompression.framework",
				"${BUILT_PRODUCTS_DIR}/GRDB.swift/GRDB.framework",
				"${BUILT_PRODUCTS_DIR}/ObjcExceptionBridging/ObjcExceptionBridging.framework",
				"${BUILT_PRODUCTS_DIR}/PureLayout/PureLayout.framework",
				"${BUILT_PRODUCTS_DIR}/SwiftBaseBootstrap/SwiftBaseBootstrap.framework",
				"${BUILT_PRODUCTS_DIR}/SwiftyJSON/SwiftyJSON.framework",
				"${BUILT_PRODUCTS_DIR}/XCGLogger/XCGLogger.framework",
			);
			name = "[CP] Embed Pods Frameworks";
			outputFileListPaths = (
			);
			outputPaths = (
				"${TARGET_BUILD_DIR}/${FRAMEWORKS_FOLDER_PATH}/Alamofire.framework",
				"${TARGET_BUILD_DIR}/${FRAMEWORKS_FOLDER_PATH}/DataCompression.framework",
				"${TARGET_BUILD_DIR}/${FRAMEWORKS_FOLDER_PATH}/GRDB.framework",
				"${TARGET_BUILD_DIR}/${FRAMEWORKS_FOLDER_PATH}/ObjcExceptionBridging.framework",
				"${TARGET_BUILD_DIR}/${FRAMEWORKS_FOLDER_PATH}/PureLayout.framework",
				"${TARGET_BUILD_DIR}/${FRAMEWORKS_FOLDER_PATH}/SwiftBaseBootstrap.framework",
				"${TARGET_BUILD_DIR}/${FRAMEWORKS_FOLDER_PATH}/SwiftyJSON.framework",
				"${TARGET_BUILD_DIR}/${FRAMEWORKS_FOLDER_PATH}/XCGLogger.framework",
			);
			runOnlyForDeploymentPostprocessing = 0;
			shellPath = /bin/sh;
			shellScript = "\"${SRCROOT}/Pods/Target Support Files/Pods-ImageSyncSample/Pods-ImageSyncSample-frameworks.sh\"\n";
			showEnvVarsInLog = 0;
		};
		E47F21884EE30D7449ED0543 /* [CP] Check Pods Manifest.lock */ = {
			isa = PBXShellScriptBuildPhase;
			buildActionMask = 2147483647;
			files = (
			);
			inputFileListPaths = (
			);
			inputPaths = (
				"${PODS_PODFILE_DIR_PATH}/Podfile.lock",
				"${PODS_ROOT}/Manifest.lock",
			);
			name = "[CP] Check Pods Manifest.lock";
			outputFileListPaths = (
			);
			outputPaths = (
				"$(DERIVED_FILE_DIR)/Pods-ImageSyncSample-checkManifestLockResult.txt",
			);
			runOnlyForDeploymentPostprocessing = 0;
			shellPath = /bin/sh;
			shellScript = "diff \"${PODS_PODFILE_DIR_PATH}/Podfile.lock\" \"${PODS_ROOT}/Manifest.lock\" > /dev/null\nif [ $? != 0 ] ; then\n    # print error to STDERR\n    echo \"error: The sandbox is not in sync with the Podfile.lock. Run 'pod install' or update your CocoaPods installation.\" >&2\n    exit 1\nfi\n# This output is used by Xcode 'outputs' to avoid re-running this script phase.\necho \"SUCCESS\" > \"${SCRIPT_OUTPUT_FILE_0}\"\n";
			showEnvVarsInLog = 0;
		};
/* End PBXShellScriptBuildPhase section */

/* Begin PBXSourcesBuildPhase section */
		D97174FE21D71CEE003BA15D /* Sources */ = {
			isa = PBXSourcesBuildPhase;
			buildActionMask = 2147483647;
			files = (
				D971751C21D8C14A003BA15D /* TableCell.swift in Sources */,
				D971752E21DB7F9E003BA15D /* SyncManager.swift in Sources */,
				D971752C21DB2BD6003BA15D /* TaskChunk.swift in Sources */,
				D971750821D71CEE003BA15D /* ViewController.swift in Sources */,
				D971752421D9970E003BA15D /* AppDatabase.swift in Sources */,
				D971752821DA2D4E003BA15D /* SuperFileUploader.swift in Sources */,
				D971751A21D8B057003BA15D /* FileSyncer.swift in Sources */,
				D971751821D7244D003BA15D /* AppLog.swift in Sources */,
				D971750621D71CEE003BA15D /* AppDelegate.swift in Sources */,
				D971752621D99AC1003BA15D /* UploadTask.swift in Sources */,
				D971751E21D8E705003BA15D /* DispatchQueueExtension.swift in Sources */,
				D971752221D99377003BA15D /* SyncTask.swift in Sources */,
				D971752A21DA2D6F003BA15D /* FileUploader.swift in Sources */,
			);
			runOnlyForDeploymentPostprocessing = 0;
		};
/* End PBXSourcesBuildPhase section */

/* Begin PBXVariantGroup section */
		D971750E21D71CF0003BA15D /* LaunchScreen.storyboard */ = {
			isa = PBXVariantGroup;
			children = (
				D971750F21D71CF0003BA15D /* Base */,
			);
			name = LaunchScreen.storyboard;
			sourceTree = "<group>";
		};
/* End PBXVariantGroup section */

/* Begin XCBuildConfiguration section */
		D971751221D71CF0003BA15D /* Debug */ = {
			isa = XCBuildConfiguration;
			buildSettings = {
				ALWAYS_SEARCH_USER_PATHS = NO;
				CLANG_ANALYZER_NONNULL = YES;
				CLANG_ANALYZER_NUMBER_OBJECT_CONVERSION = YES_AGGRESSIVE;
				CLANG_CXX_LANGUAGE_STANDARD = "gnu++14";
				CLANG_CXX_LIBRARY = "libc++";
				CLANG_ENABLE_MODULES = YES;
				CLANG_ENABLE_OBJC_ARC = YES;
				CLANG_ENABLE_OBJC_WEAK = YES;
				CLANG_WARN_BLOCK_CAPTURE_AUTORELEASING = YES;
				CLANG_WARN_BOOL_CONVERSION = YES;
				CLANG_WARN_COMMA = YES;
				CLANG_WARN_CONSTANT_CONVERSION = YES;
				CLANG_WARN_DEPRECATED_OBJC_IMPLEMENTATIONS = YES;
				CLANG_WARN_DIRECT_OBJC_ISA_USAGE = YES_ERROR;
				CLANG_WARN_DOCUMENTATION_COMMENTS = YES;
				CLANG_WARN_EMPTY_BODY = YES;
				CLANG_WARN_ENUM_CONVERSION = YES;
				CLANG_WARN_INFINITE_RECURSION = YES;
				CLANG_WARN_INT_CONVERSION = YES;
				CLANG_WARN_NON_LITERAL_NULL_CONVERSION = YES;
				CLANG_WARN_OBJC_IMPLICIT_RETAIN_SELF = YES;
				CLANG_WARN_OBJC_LITERAL_CONVERSION = YES;
				CLANG_WARN_OBJC_ROOT_CLASS = YES_ERROR;
				CLANG_WARN_RANGE_LOOP_ANALYSIS = YES;
				CLANG_WARN_STRICT_PROTOTYPES = YES;
				CLANG_WARN_SUSPICIOUS_MOVE = YES;
				CLANG_WARN_UNGUARDED_AVAILABILITY = YES_AGGRESSIVE;
				CLANG_WARN_UNREACHABLE_CODE = YES;
				CLANG_WARN__DUPLICATE_METHOD_MATCH = YES;
				CODE_SIGN_IDENTITY = "iPhone Developer";
				COPY_PHASE_STRIP = NO;
				DEBUG_INFORMATION_FORMAT = dwarf;
				ENABLE_STRICT_OBJC_MSGSEND = YES;
				ENABLE_TESTABILITY = YES;
				GCC_C_LANGUAGE_STANDARD = gnu11;
				GCC_DYNAMIC_NO_PIC = NO;
				GCC_NO_COMMON_BLOCKS = YES;
				GCC_OPTIMIZATION_LEVEL = 0;
				GCC_PREPROCESSOR_DEFINITIONS = (
					"DEBUG=1",
					"$(inherited)",
				);
				GCC_WARN_64_TO_32_BIT_CONVERSION = YES;
				GCC_WARN_ABOUT_RETURN_TYPE = YES_ERROR;
				GCC_WARN_UNDECLARED_SELECTOR = YES;
				GCC_WARN_UNINITIALIZED_AUTOS = YES_AGGRESSIVE;
				GCC_WARN_UNUSED_FUNCTION = YES;
				GCC_WARN_UNUSED_VARIABLE = YES;
				IPHONEOS_DEPLOYMENT_TARGET = 12.1;
				MTL_ENABLE_DEBUG_INFO = INCLUDE_SOURCE;
				MTL_FAST_MATH = YES;
				ONLY_ACTIVE_ARCH = YES;
				SDKROOT = iphoneos;
				SWIFT_ACTIVE_COMPILATION_CONDITIONS = DEBUG;
				SWIFT_OPTIMIZATION_LEVEL = "-Onone";
			};
			name = Debug;
		};
		D971751321D71CF0003BA15D /* Release */ = {
			isa = XCBuildConfiguration;
			buildSettings = {
				ALWAYS_SEARCH_USER_PATHS = NO;
				CLANG_ANALYZER_NONNULL = YES;
				CLANG_ANALYZER_NUMBER_OBJECT_CONVERSION = YES_AGGRESSIVE;
				CLANG_CXX_LANGUAGE_STANDARD = "gnu++14";
				CLANG_CXX_LIBRARY = "libc++";
				CLANG_ENABLE_MODULES = YES;
				CLANG_ENABLE_OBJC_ARC = YES;
				CLANG_ENABLE_OBJC_WEAK = YES;
				CLANG_WARN_BLOCK_CAPTURE_AUTORELEASING = YES;
				CLANG_WARN_BOOL_CONVERSION = YES;
				CLANG_WARN_COMMA = YES;
				CLANG_WARN_CONSTANT_CONVERSION = YES;
				CLANG_WARN_DEPRECATED_OBJC_IMPLEMENTATIONS = YES;
				CLANG_WARN_DIRECT_OBJC_ISA_USAGE = YES_ERROR;
				CLANG_WARN_DOCUMENTATION_COMMENTS = YES;
				CLANG_WARN_EMPTY_BODY = YES;
				CLANG_WARN_ENUM_CONVERSION = YES;
				CLANG_WARN_INFINITE_RECURSION = YES;
				CLANG_WARN_INT_CONVERSION = YES;
				CLANG_WARN_NON_LITERAL_NULL_CONVERSION = YES;
				CLANG_WARN_OBJC_IMPLICIT_RETAIN_SELF = YES;
				CLANG_WARN_OBJC_LITERAL_CONVERSION = YES;
				CLANG_WARN_OBJC_ROOT_CLASS = YES_ERROR;
				CLANG_WARN_RANGE_LOOP_ANALYSIS = YES;
				CLANG_WARN_STRICT_PROTOTYPES = YES;
				CLANG_WARN_SUSPICIOUS_MOVE = YES;
				CLANG_WARN_UNGUARDED_AVAILABILITY = YES_AGGRESSIVE;
				CLANG_WARN_UNREACHABLE_CODE = YES;
				CLANG_WARN__DUPLICATE_METHOD_MATCH = YES;
				CODE_SIGN_IDENTITY = "iPhone Developer";
				COPY_PHASE_STRIP = NO;
				DEBUG_INFORMATION_FORMAT = "dwarf-with-dsym";
				ENABLE_NS_ASSERTIONS = NO;
				ENABLE_STRICT_OBJC_MSGSEND = YES;
				GCC_C_LANGUAGE_STANDARD = gnu11;
				GCC_NO_COMMON_BLOCKS = YES;
				GCC_WARN_64_TO_32_BIT_CONVERSION = YES;
				GCC_WARN_ABOUT_RETURN_TYPE = YES_ERROR;
				GCC_WARN_UNDECLARED_SELECTOR = YES;
				GCC_WARN_UNINITIALIZED_AUTOS = YES_AGGRESSIVE;
				GCC_WARN_UNUSED_FUNCTION = YES;
				GCC_WARN_UNUSED_VARIABLE = YES;
				IPHONEOS_DEPLOYMENT_TARGET = 12.1;
				MTL_ENABLE_DEBUG_INFO = NO;
				MTL_FAST_MATH = YES;
				SDKROOT = iphoneos;
				SWIFT_COMPILATION_MODE = wholemodule;
				SWIFT_OPTIMIZATION_LEVEL = "-O";
				VALIDATE_PRODUCT = YES;
			};
			name = Release;
		};
		D971751521D71CF0003BA15D /* Debug */ = {
			isa = XCBuildConfiguration;
			baseConfigurationReference = B1892047BBE8BCF86B641835 /* Pods-ImageSyncSample.debug.xcconfig */;
			buildSettings = {
				ASSETCATALOG_COMPILER_APPICON_NAME = AppIcon;
				CODE_SIGN_STYLE = Automatic;
				DEVELOPMENT_TEAM = 7G352XQC3N;
				INFOPLIST_FILE = ImageSyncSample/Info.plist;
				LD_RUNPATH_SEARCH_PATHS = (
					"$(inherited)",
					"@executable_path/Frameworks",
				);
				PRODUCT_BUNDLE_IDENTIFIER = org.dragonetail.ImageSyncSample;
				PRODUCT_NAME = "$(TARGET_NAME)";
				SWIFT_VERSION = 4.2;
				TARGETED_DEVICE_FAMILY = "1,2";
			};
			name = Debug;
		};
		D971751621D71CF0003BA15D /* Release */ = {
			isa = XCBuildConfiguration;
			baseConfigurationReference = D28F5E2E7233852D50C26B51 /* Pods-ImageSyncSample.release.xcconfig */;
			buildSettings = {
				ASSETCATALOG_COMPILER_APPICON_NAME = AppIcon;
				CODE_SIGN_STYLE = Automatic;
				DEVELOPMENT_TEAM = 7G352XQC3N;
				INFOPLIST_FILE = ImageSyncSample/Info.plist;
				LD_RUNPATH_SEARCH_PATHS = (
					"$(inherited)",
					"@executable_path/Frameworks",
				);
				PRODUCT_BUNDLE_IDENTIFIER = org.dragonetail.ImageSyncSample;
				PRODUCT_NAME = "$(TARGET_NAME)";
				SWIFT_VERSION = 4.2;
				TARGETED_DEVICE_FAMILY = "1,2";
			};
			name = Release;
		};
/* End XCBuildConfiguration section */

/* Begin XCConfigurationList section */
		D97174FD21D71CEE003BA15D /* Build configuration list for PBXProject "ImageSyncSample" */ = {
			isa = XCConfigurationList;
			buildConfigurations = (
				D971751221D71CF0003BA15D /* Debug */,
				D971751321D71CF0003BA15D /* Release */,
			);
			defaultConfigurationIsVisible = 0;
			defaultConfigurationName = Release;
		};
		D971751421D71CF0003BA15D /* Build configuration list for PBXNativeTarget "ImageSyncSample" */ = {
			isa = XCConfigurationList;
			buildConfigurations = (
				D971751521D71CF0003BA15D /* Debug */,
				D971751621D71CF0003BA15D /* Release */,
			);
			defaultConfigurationIsVisible = 0;
			defaultConfigurationName = Release;
		};
/* End XCConfigurationList section */
	};
	rootObject = D97174FA21D71CEE003BA15D /* Project object */;
}
